{
    "_readme": [
        "This file locks the dependencies of your project to a known state",
        "Read more about it at https://getcomposer.org/doc/01-basic-usage.md#composer-lock-the-lock-file",
        "This file is @generated automatically"
    ],
    "content-hash": "4d940447712f9a6e7a133821f4f37f4a",
    "packages": [
        {
            "name": "abelzhou/php-trie-tree",
            "version": "3.1",
            "source": {
                "type": "git",
                "url": "https://github.com/AbelZhou/PHP-TrieTree.git",
                "reference": "e13b922a62241c5159df047133a12a9839ede9da"
            },
            "dist": {
                "type": "zip",
                "url": "https://files.phpcomposer.com/files/AbelZhou/PHP-TrieTree/e13b922a62241c5159df047133a12a9839ede9da.zip",
                "reference": "e13b922a62241c5159df047133a12a9839ede9da",
                "shasum": ""
            },
            "require": {
                "php": ">5.3.0"
            },
            "type": "library",
            "autoload": {
                "psr-4": {
                    "AbelZhou\\Tree\\": "src/"
                }
            },
            "notification-url": "https://packagist.org/downloads/",
            "license": [
                "MIT"
            ],
            "authors": [
                {
                    "name": "AbelZhou",
                    "email": "abel.zhou@hotmail.com"
                }
            ],
            "description": "Make a trie tree with php language.",
            "keywords": [
                "trie",
                "trietree"
            ],
            "time": "2017-08-17T08:17:24+00:00"
        }
    ],
    "packages-dev": [],
    "aliases": [],
    "minimum-stability": "stable",
    "stability-flags": [],
    "prefer-stable": false,
    "prefer-lowest": false,
    "platform": {
        "php": ">5.3.0"
    },
    "platform-dev": []
}
